
Microsoft Visual Studio Solution File, Format Version 12.00
# Visual Studio Version 17
VisualStudioVersion = 17.5.33502.453
MinimumVisualStudioVersion = 10.0.40219.1
Project("{FAE04EC0-301F-11D3-BF4B-00C04F79EFBC}") = "PriorityQueue", "PriorityQueue.csproj", "{FDCD38BE-5222-4114-A846-652B14F0D808}"
EndProject
Global
	GlobalSection(SolutionConfigurationPlatforms) = preSolution
		Debug|Any CPU = Debug|Any CPU
		Release|Any CPU = Release|Any CPU
	EndGlobalSection
	GlobalSection(ProjectConfigurationPlatforms) = postSolution
		{FDCD38BE-5222-4114-A846-652B14F0D808}.Debug|Any CPU.ActiveCfg = Debug|Any CPU
		{FDCD38BE-5222-4114-A846-652B14F0D808}.Debug|Any CPU.Build.0 = Debug|Any CPU
		{FDCD38BE-5222-4114-A846-652B14F0D808}.Release|Any CPU.ActiveCfg = Release|Any CPU
		{FDCD38BE-5222-4114-A846-652B14F0D808}.Release|Any CPU.Build.0 = Release|Any CPU
	EndGlobalSection
	GlobalSection(SolutionProperties) = preSolution
		HideSolutionNode = FALSE
	EndGlobalSection
	GlobalSection(ExtensibilityGlobals) = postSolution
		SolutionGuid = {A500B05B-9517-4062-97C1-0829561982B3}
	EndGlobalSection
EndGlobal
